// !$*UTF8*$!
{
	archiveVersion = 1;
	classes = {
	};
	objectVersion = 56;
	objects = {

/* Begin PBXBuildFile section */
		C17DFEFE2C5DF576005A711E /* ContactListApp.swift in Sources */ = {isa = PBXBuildFile; fileRef = C17DFEFD2C5DF576005A711E /* ContactListApp.swift */; };
		C17DFF002C5DF576005A711E /* ContentView.swift in Sources */ = {isa = PBXBuildFile; fileRef = C17DFEFF2C5DF576005A711E /* ContentView.swift */; };
		C17DFF022C5DF576005A711E /* Item.swift in Sources */ = {isa = PBXBuildFile; fileRef = C17DFF012C5DF576005A711E /* Item.swift */; };
		C17DFF042C5DF578005A711E /* Assets.xcassets in Resources */ = {isa = PBXBuildFile; fileRef = C17DFF032C5DF578005A711E /* Assets.xcassets */; };
		C17DFF072C5DF578005A711E /* Preview Assets.xcassets in Resources */ = {isa = PBXBuildFile; fileRef = C17DFF062C5DF578005A711E /* Preview Assets.xcassets */; };
		C17DFF112C5DF578005A711E /* ContactListTests.swift in Sources */ = {isa = PBXBuildFile; fileRef = C17DFF102C5DF578005A711E /* ContactListTests.swift */; };
		C17DFF1B2C5DF578005A711E /* ContactListUITests.swift in Sources */ = {isa = PBXBuildFile; fileRef = C17DFF1A2C5DF578005A711E /* ContactListUITests.swift */; };
		C17DFF1D2C5DF578005A711E /* ContactListUITestsLaunchTests.swift in Sources */ = {isa = PBXBuildFile; fileRef = C17DFF1C2C5DF578005A711E /* ContactListUITestsLaunchTests.swift */; };
/* End PBXBuildFile section */

/* Begin PBXContainerItemProxy section */
		C17DFF0D2C5DF578005A711E /* PBXContainerItemProxy */ = {
			isa = PBXContainerItemProxy;
			containerPortal = C17DFEF22C5DF576005A711E /* Project object */;
			proxyType = 1;
			remoteGlobalIDString = C17DFEF92C5DF576005A711E;
			remoteInfo = ContactList;
		};
		C17DFF172C5DF578005A711E /* PBXContainerItemProxy */ = {
			isa = PBXContainerItemProxy;
			containerPortal = C17DFEF22C5DF576005A711E /* Project object */;
			proxyType = 1;
			remoteGlobalIDString = C17DFEF92C5DF576005A711E;
			remoteInfo = ContactList;
		};
/* End PBXContainerItemProxy section */

/* Begin PBXFileReference section */
		C17DFEFA2C5DF576005A711E /* ContactList.app */ = {isa = PBXFileReference; explicitFileType = wrapper.application; includeInIndex = 0; path = ContactList.app; sourceTree = BUILT_PRODUCTS_DIR; };
		C17DFEFD2C5DF576005A711E /* ContactListApp.swift */ = {isa = PBXFileReference; lastKnownFileType = sourcecode.swift; path = ContactListApp.swift; sourceTree = "<group>"; };
		C17DFEFF2C5DF576005A711E /* ContentView.swift */ = {isa = PBXFileReference; lastKnownFileType = sourcecode.swift; path = ContentView.swift; sourceTree = "<group>"; };
		C17DFF012C5DF576005A711E /* Item.swift */ = {isa = PBXFileReference; lastKnownFileType = sourcecode.swift; path = Item.swift; sourceTree = "<group>"; };
		C17DFF032C5DF578005A711E /* Assets.xcassets */ = {isa = PBXFileReference; lastKnownFileType = folder.assetcatalog; path = Assets.xcassets; sourceTree = "<group>"; };
		C17DFF062C5DF578005A711E /* Preview Assets.xcassets */ = {isa = PBXFileReference; lastKnownFileType = folder.assetcatalog; path = "Preview Assets.xcassets"; sourceTree = "<group>"; };
		C17DFF0C2C5DF578005A711E /* ContactListTests.xctest */ = {isa = PBXFileReference; explicitFileType = wrapper.cfbundle; includeInIndex = 0; path = ContactListTests.xctest; sourceTree = BUILT_PRODUCTS_DIR; };
		C17DFF102C5DF578005A711E /* ContactListTests.swift */ = {isa = PBXFileReference; lastKnownFileType = sourcecode.swift; path = ContactListTests.swift; sourceTree = "<group>"; };
		C17DFF162C5DF578005A711E /* ContactListUITests.xctest */ = {isa = PBXFileReference; explicitFileType = wrapper.cfbundle; includeInIndex = 0; path = ContactListUITests.xctest; sourceTree = BUILT_PRODUCTS_DIR; };
		C17DFF1A2C5DF578005A711E /* ContactListUITests.swift */ = {isa = PBXFileReference; lastKnownFileType = sourcecode.swift; path = ContactListUITests.swift; sourceTree = "<group>"; };
		C17DFF1C2C5DF578005A711E /* ContactListUITestsLaunchTests.swift */ = {isa = PBXFileReference; lastKnownFileType = sourcecode.swift; path = ContactListUITestsLaunchTests.swift; sourceTree = "<group>"; };
/* End PBXFileReference section */

/* Begin PBXFrameworksBuildPhase section */
		C17DFEF72C5DF576005A711E /* Frameworks */ = {
			isa = PBXFrameworksBuildPhase;
			buildActionMask = 2147483647;
			files = (
			);
			runOnlyForDeploymentPostprocessing = 0;
		};
		C17DFF092C5DF578005A711E /* Frameworks */ = {
			isa = PBXFrameworksBuildPhase;
			buildActionMask = 2147483647;
			files = (
			);
			runOnlyForDeploymentPostprocessing = 0;
		};
		C17DFF132C5DF578005A711E /* Frameworks */ = {
			isa = PBXFrameworksBuildPhase;
			buildActionMask = 2147483647;
			files = (
			);
			runOnlyForDeploymentPostprocessing = 0;
		};
/* End PBXFrameworksBuildPhase section */

/* Begin PBXGroup section */
		C17DFEF12C5DF576005A711E = {
			isa = PBXGroup;
			children = (
				C17DFEFC2C5DF576005A711E /* ContactList */,
				C17DFF0F2C5DF578005A711E /* ContactListTests */,
				C17DFF192C5DF578005A711E /* ContactListUITests */,
				C17DFEFB2C5DF576005A711E /* Products */,
			);
			sourceTree = "<group>";
		};
		C17DFEFB2C5DF576005A711E /* Products */ = {
			isa = PBXGroup;
			children = (
				C17DFEFA2C5DF576005A711E /* ContactList.app */,
				C17DFF0C2C5DF578005A711E /* ContactListTests.xctest */,
				C17DFF162C5DF578005A711E /* ContactListUITests.xctest */,
			);
			name = Products;
			sourceTree = "<group>";
		};
		C17DFEFC2C5DF576005A711E /* ContactList */ = {
			isa = PBXGroup;
			children = (
				C17DFEFD2C5DF576005A711E /* ContactListApp.swift */,
				C17DFEFF2C5DF576005A711E /* ContentView.swift */,
				C17DFF012C5DF576005A711E /* Item.swift */,
				C17DFF032C5DF578005A711E /* Assets.xcassets */,
				C17DFF052C5DF578005A711E /* Preview Content */,
			);
			path = ContactList;
			sourceTree = "<group>";
		};
		C17DFF052C5DF578005A711E /* Preview Content */ = {
			isa = PBXGroup;
			children = (
				C17DFF062C5DF578005A711E /* Preview Assets.xcassets */,
			);
			path = "Preview Content";
			sourceTree = "<group>";
		};
		C17DFF0F2C5DF578005A711E /* ContactListTests */ = {
			isa = PBXGroup;
			children = (
				C17DFF102C5DF578005A711E /* ContactListTests.swift */,
			);
			path = ContactListTests;
			sourceTree = "<group>";
		};
		C17DFF192C5DF578005A711E /* ContactListUITests */ = {
			isa = PBXGroup;
			children = (
				C17DFF1A2C5DF578005A711E /* ContactListUITests.swift */,
				C17DFF1C2C5DF578005A711E /* ContactListUITestsLaunchTests.swift */,
			);
			path = ContactListUITests;
			sourceTree = "<group>";
		};
/* End PBXGroup section */

/* Begin PBXNativeTarget section */
		C17DFEF92C5DF576005A711E /* ContactList */ = {
			isa = PBXNativeTarget;
			buildConfigurationList = C17DFF202C5DF578005A711E /* Build configuration list for PBXNativeTarget "ContactList" */;
			buildPhases = (
				C17DFEF62C5DF576005A711E /* Sources */,
				C17DFEF72C5DF576005A711E /* Frameworks */,
				C17DFEF82C5DF576005A711E /* Resources */,
			);
			buildRules = (
			);
			dependencies = (
			);
			name = ContactList;
			productName = ContactList;
			productReference = C17DFEFA2C5DF576005A711E /* ContactList.app */;
			productType = "com.apple.product-type.application";
		};
		C17DFF0B2C5DF578005A711E /* ContactListTests */ = {
			isa = PBXNativeTarget;
			buildConfigurationList = C17DFF232C5DF578005A711E /* Build configuration list for PBXNativeTarget "ContactListTests" */;
			buildPhases = (
				C17DFF082C5DF578005A711E /* Sources */,
				C17DFF092C5DF578005A711E /* Frameworks */,
				C17DFF0A2C5DF578005A711E /* Resources */,
			);
			buildRules = (
			);
			dependencies = (
				C17DFF0E2C5DF578005A711E /* PBXTargetDependency */,
			);
			name = ContactListTests;
			productName = ContactListTests;
			productReference = C17DFF0C2C5DF578005A711E /* ContactListTests.xctest */;
			productType = "com.apple.product-type.bundle.unit-test";
		};
		C17DFF152C5DF578005A711E /* ContactListUITests */ = {
			isa = PBXNativeTarget;
			buildConfigurationList = C17DFF262C5DF578005A711E /* Build configuration list for PBXNativeTarget "ContactListUITests" */;
			buildPhases = (
				C17DFF122C5DF578005A711E /* Sources */,
				C17DFF132C5DF578005A711E /* Frameworks */,
				C17DFF142C5DF578005A711E /* Resources */,
			);
			buildRules = (
			);
			dependencies = (
				C17DFF182C5DF578005A711E /* PBXTargetDependency */,
			);
			name = ContactListUITests;
			productName = ContactListUITests;
			productReference = C17DFF162C5DF578005A711E /* ContactListUITests.xctest */;
			productType = "com.apple.product-type.bundle.ui-testing";
		};
/* End PBXNativeTarget section */

/* Begin PBXProject section */
		C17DFEF22C5DF576005A711E /* Project object */ = {
			isa = PBXProject;
			attributes = {
				BuildIndependentTargetsInParallel = 1;
				LastSwiftUpdateCheck = 1540;
				LastUpgradeCheck = 1540;
				TargetAttributes = {
					C17DFEF92C5DF576005A711E = {
						CreatedOnToolsVersion = 15.4;
					};
					C17DFF0B2C5DF578005A711E = {
						CreatedOnToolsVersion = 15.4;
						TestTargetID = C17DFEF92C5DF576005A711E;
					};
					C17DFF152C5DF578005A711E = {
						CreatedOnToolsVersion = 15.4;
						TestTargetID = C17DFEF92C5DF576005A711E;
					};
				};
			};
			buildConfigurationList = C17DFEF52C5DF576005A711E /* Build configuration list for PBXProject "ContactList" */;
			compatibilityVersion = "Xcode 14.0";
			developmentRegion = en;
			hasScannedForEncodings = 0;
			knownRegions = (
				en,
				Base,
			);
			mainGroup = C17DFEF12C5DF576005A711E;
			productRefGroup = C17DFEFB2C5DF576005A711E /* Products */;
			projectDirPath = "";
			projectRoot = "";
			targets = (
				C17DFEF92C5DF576005A711E /* ContactList */,
				C17DFF0B2C5DF578005A711E /* ContactListTests */,
				C17DFF152C5DF578005A711E /* ContactListUITests */,
			);
		};
/* End PBXProject section */

/* Begin PBXResourcesBuildPhase section */
		C17DFEF82C5DF576005A711E /* Resources */ = {
			isa = PBXResourcesBuildPhase;
			buildActionMask = 2147483647;
			files = (
				C17DFF072C5DF578005A711E /* Preview Assets.xcassets in Resources */,
				C17DFF042C5DF578005A711E /* Assets.xcassets in Resources */,
			);
			runOnlyForDeploymentPostprocessing = 0;
		};
		C17DFF0A2C5DF578005A711E /* Resources */ = {
			isa = PBXResourcesBuildPhase;
			buildActionMask = 2147483647;
			files = (
			);
			runOnlyForDeploymentPostprocessing = 0;
		};
		C17DFF142C5DF578005A711E /* Resources */ = {
			isa = PBXResourcesBuildPhase;
			buildActionMask = 2147483647;
			files = (
			);
			runOnlyForDeploymentPostprocessing = 0;
		};
/* End PBXResourcesBuildPhase section */

/* Begin PBXSourcesBuildPhase section */
		C17DFEF62C5DF576005A711E /* Sources */ = {
			isa = PBXSourcesBuildPhase;
			buildActionMask = 2147483647;
			files = (
				C17DFF002C5DF576005A711E /* ContentView.swift in Sources */,
				C17DFF022C5DF576005A711E /* Item.swift in Sources */,
				C17DFEFE2C5DF576005A711E /* ContactListApp.swift in Sources */,
			);
			runOnlyForDeploymentPostprocessing = 0;
		};
		C17DFF082C5DF578005A711E /* Sources */ = {
			isa = PBXSourcesBuildPhase;
			buildActionMask = 2147483647;
			files = (
				C17DFF112C5DF578005A711E /* ContactListTests.swift in Sources */,
			);
			runOnlyForDeploymentPostprocessing = 0;
		};
		C17DFF122C5DF578005A711E /* Sources */ = {
			isa = PBXSourcesBuildPhase;
			buildActionMask = 2147483647;
			files = (
				C17DFF1B2C5DF578005A711E /* ContactListUITests.swift in Sources */,
				C17DFF1D2C5DF578005A711E /* ContactListUITestsLaunchTests.swift in Sources */,
			);
			runOnlyForDeploymentPostprocessing = 0;
		};
/* End PBXSourcesBuildPhase section */

/* Begin PBXTargetDependency section */
		C17DFF0E2C5DF578005A711E /* PBXTargetDependency */ = {
			isa = PBXTargetDependency;
			target = C17DFEF92C5DF576005A711E /* ContactList */;
			targetProxy = C17DFF0D2C5DF578005A711E /* PBXContainerItemProxy */;
		};
		C17DFF182C5DF578005A711E /* PBXTargetDependency */ = {
			isa = PBXTargetDependency;
			target = C17DFEF92C5DF576005A711E /* ContactList */;
			targetProxy = C17DFF172C5DF578005A711E /* PBXContainerItemProxy */;
		};
/* End PBXTargetDependency section */

/* Begin XCBuildConfiguration section */
		C17DFF1E2C5DF578005A711E /* Debug */ = {
			isa = XCBuildConfiguration;
			buildSettings = {
				ALWAYS_SEARCH_USER_PATHS = NO;
				ASSETCATALOG_COMPILER_GENERATE_SWIFT_ASSET_SYMBOL_EXTENSIONS = YES;
				CLANG_ANALYZER_NONNULL = YES;
				CLANG_ANALYZER_NUMBER_OBJECT_CONVERSION = YES_AGGRESSIVE;
				CLANG_CXX_LANGUAGE_STANDARD = "gnu++20";
				CLANG_ENABLE_MODULES = YES;
				CLANG_ENABLE_OBJC_ARC = YES;
				CLANG_ENABLE_OBJC_WEAK = YES;
				CLANG_WARN_BLOCK_CAPTURE_AUTORELEASING = YES;
				CLANG_WARN_BOOL_CONVERSION = YES;
				CLANG_WARN_COMMA = YES;
				CLANG_WARN_CONSTANT_CONVERSION = YES;
				CLANG_WARN_DEPRECATED_OBJC_IMPLEMENTATIONS = YES;
				CLANG_WARN_DIRECT_OBJC_ISA_USAGE = YES_ERROR;
				CLANG_WARN_DOCUMENTATION_COMMENTS = YES;
				CLANG_WARN_EMPTY_BODY = YES;
				CLANG_WARN_ENUM_CONVERSION = YES;
				CLANG_WARN_INFINITE_RECURSION = YES;
				CLANG_WARN_INT_CONVERSION = YES;
				CLANG_WARN_NON_LITERAL_NULL_CONVERSION = YES;
				CLANG_WARN_OBJC_IMPLICIT_RETAIN_SELF = YES;
				CLANG_WARN_OBJC_LITERAL_CONVERSION = YES;
				CLANG_WARN_OBJC_ROOT_CLASS = YES_ERROR;
				CLANG_WARN_QUOTED_INCLUDE_IN_FRAMEWORK_HEADER = YES;
				CLANG_WARN_RANGE_LOOP_ANALYSIS = YES;
				CLANG_WARN_STRICT_PROTOTYPES = YES;
				CLANG_WARN_SUSPICIOUS_MOVE = YES;
				CLANG_WARN_UNGUARDED_AVAILABILITY = YES_AGGRESSIVE;
				CLANG_WARN_UNREACHABLE_CODE = YES;
				CLANG_WARN__DUPLICATE_METHOD_MATCH = YES;
				COPY_PHASE_STRIP = NO;
				DEBUG_INFORMATION_FORMAT = dwarf;
				ENABLE_STRICT_OBJC_MSGSEND = YES;
				ENABLE_TESTABILITY = YES;
				ENABLE_USER_SCRIPT_SANDBOXING = YES;
				GCC_C_LANGUAGE_STANDARD = gnu17;
				GCC_DYNAMIC_NO_PIC = NO;
				GCC_NO_COMMON_BLOCKS = YES;
				GCC_OPTIMIZATION_LEVEL = 0;
				GCC_PREPROCESSOR_DEFINITIONS = (
					"DEBUG=1",
					"$(inherited)",
				);
				GCC_WARN_64_TO_32_BIT_CONVERSION = YES;
				GCC_WARN_ABOUT_RETURN_TYPE = YES_ERROR;
				GCC_WARN_UNDECLARED_SELECTOR = YES;
				GCC_WARN_UNINITIALIZED_AUTOS = YES_AGGRESSIVE;
				GCC_WARN_UNUSED_FUNCTION = YES;
				GCC_WARN_UNUSED_VARIABLE = YES;
				IPHONEOS_DEPLOYMENT_TARGET = 17.5;
				LOCALIZATION_PREFERS_STRING_CATALOGS = YES;
				MTL_ENABLE_DEBUG_INFO = INCLUDE_SOURCE;
				MTL_FAST_MATH = YES;
				ONLY_ACTIVE_ARCH = YES;
				SDKROOT = iphoneos;
				SWIFT_ACTIVE_COMPILATION_CONDITIONS = "DEBUG $(inherited)";
				SWIFT_OPTIMIZATION_LEVEL = "-Onone";
			};
			name = Debug;
		};
		C17DFF1F2C5DF578005A711E /* Release */ = {
			isa = XCBuildConfiguration;
			buildSettings = {
				ALWAYS_SEARCH_USER_PATHS = NO;
				ASSETCATALOG_COMPILER_GENERATE_SWIFT_ASSET_SYMBOL_EXTENSIONS = YES;
				CLANG_ANALYZER_NONNULL = YES;
				CLANG_ANALYZER_NUMBER_OBJECT_CONVERSION = YES_AGGRESSIVE;
				CLANG_CXX_LANGUAGE_STANDARD = "gnu++20";
				CLANG_ENABLE_MODULES = YES;
				CLANG_ENABLE_OBJC_ARC = YES;
				CLANG_ENABLE_OBJC_WEAK = YES;
				CLANG_WARN_BLOCK_CAPTURE_AUTORELEASING = YES;
				CLANG_WARN_BOOL_CONVERSION = YES;
				CLANG_WARN_COMMA = YES;
				CLANG_WARN_CONSTANT_CONVERSION = YES;
				CLANG_WARN_DEPRECATED_OBJC_IMPLEMENTATIONS = YES;
				CLANG_WARN_DIRECT_OBJC_ISA_USAGE = YES_ERROR;
				CLANG_WARN_DOCUMENTATION_COMMENTS = YES;
				CLANG_WARN_EMPTY_BODY = YES;
				CLANG_WARN_ENUM_CONVERSION = YES;
				CLANG_WARN_INFINITE_RECURSION = YES;
				CLANG_WARN_INT_CONVERSION = YES;
				CLANG_WARN_NON_LITERAL_NULL_CONVERSION = YES;
				CLANG_WARN_OBJC_IMPLICIT_RETAIN_SELF = YES;
				CLANG_WARN_OBJC_LITERAL_CONVERSION = YES;
				CLANG_WARN_OBJC_ROOT_CLASS = YES_ERROR;
				CLANG_WARN_QUOTED_INCLUDE_IN_FRAMEWORK_HEADER = YES;
				CLANG_WARN_RANGE_LOOP_ANALYSIS = YES;
				CLANG_WARN_STRICT_PROTOTYPES = YES;
				CLANG_WARN_SUSPICIOUS_MOVE = YES;
				CLANG_WARN_UNGUARDED_AVAILABILITY = YES_AGGRESSIVE;
				CLANG_WARN_UNREACHABLE_CODE = YES;
				CLANG_WARN__DUPLICATE_METHOD_MATCH = YES;
				COPY_PHASE_STRIP = NO;
				DEBUG_INFORMATION_FORMAT = "dwarf-with-dsym";
				ENABLE_NS_ASSERTIONS = NO;
				ENABLE_STRICT_OBJC_MSGSEND = YES;
				ENABLE_USER_SCRIPT_SANDBOXING = YES;
				GCC_C_LANGUAGE_STANDARD = gnu17;
				GCC_NO_COMMON_BLOCKS = YES;
				GCC_WARN_64_TO_32_BIT_CONVERSION = YES;
				GCC_WARN_ABOUT_RETURN_TYPE = YES_ERROR;
				GCC_WARN_UNDECLARED_SELECTOR = YES;
				GCC_WARN_UNINITIALIZED_AUTOS = YES_AGGRESSIVE;
				GCC_WARN_UNUSED_FUNCTION = YES;
				GCC_WARN_UNUSED_VARIABLE = YES;
				IPHONEOS_DEPLOYMENT_TARGET = 17.5;
				LOCALIZATION_PREFERS_STRING_CATALOGS = YES;
				MTL_ENABLE_DEBUG_INFO = NO;
				MTL_FAST_MATH = YES;
				SDKROOT = iphoneos;
				SWIFT_COMPILATION_MODE = wholemodule;
				VALIDATE_PRODUCT = YES;
			};
			name = Release;
		};
		C17DFF212C5DF578005A711E /* Debug */ = {
			isa = XCBuildConfiguration;
			buildSettings = {
				ASSETCATALOG_COMPILER_APPICON_NAME = AppIcon;
				ASSETCATALOG_COMPILER_GLOBAL_ACCENT_COLOR_NAME = AccentColor;
				CODE_SIGN_STYLE = Automatic;
				CURRENT_PROJECT_VERSION = 1;
				DEVELOPMENT_ASSET_PATHS = "\"ContactList/Preview Content\"";
				ENABLE_PREVIEWS = YES;
				GENERATE_INFOPLIST_FILE = YES;
				INFOPLIST_KEY_UIApplicationSceneManifest_Generation = YES;
				INFOPLIST_KEY_UIApplicationSupportsIndirectInputEvents = YES;
				INFOPLIST_KEY_UILaunchScreen_Generation = YES;
				INFOPLIST_KEY_UISupportedInterfaceOrientations_iPad = "UIInterfaceOrientationPortrait UIInterfaceOrientationPortraitUpsideDown UIInterfaceOrientationLandscapeLeft UIInterfaceOrientationLandscapeRight";
				INFOPLIST_KEY_UISupportedInterfaceOrientations_iPhone = "UIInterfaceOrientationPortrait UIInterfaceOrientationLandscapeLeft UIInterfaceOrientationLandscapeRight";
				LD_RUNPATH_SEARCH_PATHS = (
					"$(inherited)",
					"@executable_path/Frameworks",
				);
				MARKETING_VERSION = 1.0;
				PRODUCT_BUNDLE_IDENTIFIER = ThachHo.ContactList;
				PRODUCT_NAME = "$(TARGET_NAME)";
				SWIFT_EMIT_LOC_STRINGS = YES;
				SWIFT_VERSION = 5.0;
				TARGETED_DEVICE_FAMILY = "1,2";
			};
			name = Debug;
		};
		C17DFF222C5DF578005A711E /* Release */ = {
			isa = XCBuildConfiguration;
			buildSettings = {
				ASSETCATALOG_COMPILER_APPICON_NAME = AppIcon;
				ASSETCATALOG_COMPILER_GLOBAL_ACCENT_COLOR_NAME = AccentColor;
				CODE_SIGN_STYLE = Automatic;
				CURRENT_PROJECT_VERSION = 1;
				DEVELOPMENT_ASSET_PATHS = "\"ContactList/Preview Content\"";
				ENABLE_PREVIEWS = YES;
				GENERATE_INFOPLIST_FILE = YES;
				INFOPLIST_KEY_UIApplicationSceneManifest_Generation = YES;
				INFOPLIST_KEY_UIApplicationSupportsIndirectInputEvents = YES;
				INFOPLIST_KEY_UILaunchScreen_Generation = YES;
				INFOPLIST_KEY_UISupportedInterfaceOrientations_iPad = "UIInterfaceOrientationPortrait UIInterfaceOrientationPortraitUpsideDown UIInterfaceOrientationLandscapeLeft UIInterfaceOrientationLandscapeRight";
				INFOPLIST_KEY_UISupportedInterfaceOrientations_iPhone = "UIInterfaceOrientationPortrait UIInterfaceOrientationLandscapeLeft UIInterfaceOrientationLandscapeRight";
				LD_RUNPATH_SEARCH_PATHS = (
					"$(inherited)",
					"@executable_path/Frameworks",
				);
				MARKETING_VERSION = 1.0;
				PRODUCT_BUNDLE_IDENTIFIER = ThachHo.ContactList;
				PRODUCT_NAME = "$(TARGET_NAME)";
				SWIFT_EMIT_LOC_STRINGS = YES;
				SWIFT_VERSION = 5.0;
				TARGETED_DEVICE_FAMILY = "1,2";
			};
			name = Release;
		};
		C17DFF242C5DF578005A711E /* Debug */ = {
			isa = XCBuildConfiguration;
			buildSettings = {
				ALWAYS_EMBED_SWIFT_STANDARD_LIBRARIES = YES;
				BUNDLE_LOADER = "$(TEST_HOST)";
				CODE_SIGN_STYLE = Automatic;
				CURRENT_PROJECT_VERSION = 1;
				GENERATE_INFOPLIST_FILE = YES;
				IPHONEOS_DEPLOYMENT_TARGET = 17.5;
				MARKETING_VERSION = 1.0;
				PRODUCT_BUNDLE_IDENTIFIER = ThachHo.ContactListTests;
				PRODUCT_NAME = "$(TARGET_NAME)";
				SWIFT_EMIT_LOC_STRINGS = NO;
				SWIFT_VERSION = 5.0;
				TARGETED_DEVICE_FAMILY = "1,2";
				TEST_HOST = "$(BUILT_PRODUCTS_DIR)/ContactList.app/$(BUNDLE_EXECUTABLE_FOLDER_PATH)/ContactList";
			};
			name = Debug;
		};
		C17DFF252C5DF578005A711E /* Release */ = {
			isa = XCBuildConfiguration;
			buildSettings = {
				ALWAYS_EMBED_SWIFT_STANDARD_LIBRARIES = YES;
				BUNDLE_LOADER = "$(TEST_HOST)";
				CODE_SIGN_STYLE = Automatic;
				CURRENT_PROJECT_VERSION = 1;
				GENERATE_INFOPLIST_FILE = YES;
				IPHONEOS_DEPLOYMENT_TARGET = 17.5;
				MARKETING_VERSION = 1.0;
				PRODUCT_BUNDLE_IDENTIFIER = ThachHo.ContactListTests;
				PRODUCT_NAME = "$(TARGET_NAME)";
				SWIFT_EMIT_LOC_STRINGS = NO;
				SWIFT_VERSION = 5.0;
				TARGETED_DEVICE_FAMILY = "1,2";
				TEST_HOST = "$(BUILT_PRODUCTS_DIR)/ContactList.app/$(BUNDLE_EXECUTABLE_FOLDER_PATH)/ContactList";
			};
			name = Release;
		};
		C17DFF272C5DF578005A711E /* Debug */ = {
			isa = XCBuildConfiguration;
			buildSettings = {
				ALWAYS_EMBED_SWIFT_STANDARD_LIBRARIES = YES;
				CODE_SIGN_STYLE = Automatic;
				CURRENT_PROJECT_VERSION = 1;
				GENERATE_INFOPLIST_FILE = YES;
				MARKETING_VERSION = 1.0;
				PRODUCT_BUNDLE_IDENTIFIER = ThachHo.ContactListUITests;
				PRODUCT_NAME = "$(TARGET_NAME)";
				SWIFT_EMIT_LOC_STRINGS = NO;
				SWIFT_VERSION = 5.0;
				TARGETED_DEVICE_FAMILY = "1,2";
				TEST_TARGET_NAME = ContactList;
			};
			name = Debug;
		};
		C17DFF282C5DF578005A711E /* Release */ = {
			isa = XCBuildConfiguration;
			buildSettings = {
				ALWAYS_EMBED_SWIFT_STANDARD_LIBRARIES = YES;
				CODE_SIGN_STYLE = Automatic;
				CURRENT_PROJECT_VERSION = 1;
				GENERATE_INFOPLIST_FILE = YES;
				MARKETING_VERSION = 1.0;
				PRODUCT_BUNDLE_IDENTIFIER = ThachHo.ContactListUITests;
				PRODUCT_NAME = "$(TARGET_NAME)";
				SWIFT_EMIT_LOC_STRINGS = NO;
				SWIFT_VERSION = 5.0;
				TARGETED_DEVICE_FAMILY = "1,2";
				TEST_TARGET_NAME = ContactList;
			};
			name = Release;
		};
/* End XCBuildConfiguration section */

/* Begin XCConfigurationList section */
		C17DFEF52C5DF576005A711E /* Build configuration list for PBXProject "ContactList" */ = {
			isa = XCConfigurationList;
			buildConfigurations = (
				C17DFF1E2C5DF578005A711E /* Debug */,
				C17DFF1F2C5DF578005A711E /* Release */,
			);
			defaultConfigurationIsVisible = 0;
			defaultConfigurationName = Release;
		};
		C17DFF202C5DF578005A711E /* Build configuration list for PBXNativeTarget "ContactList" */ = {
			isa = XCConfigurationList;
			buildConfigurations = (
				C17DFF212C5DF578005A711E /* Debug */,
				C17DFF222C5DF578005A711E /* Release */,
			);
			defaultConfigurationIsVisible = 0;
			defaultConfigurationName = Release;
		};
		C17DFF232C5DF578005A711E /* Build configuration list for PBXNativeTarget "ContactListTests" */ = {
			isa = XCConfigurationList;
			buildConfigurations = (
				C17DFF242C5DF578005A711E /* Debug */,
				C17DFF252C5DF578005A711E /* Release */,
			);
			defaultConfigurationIsVisible = 0;
			defaultConfigurationName = Release;
		};
		C17DFF262C5DF578005A711E /* Build configuration list for PBXNativeTarget "ContactListUITests" */ = {
			isa = XCConfigurationList;
			buildConfigurations = (
				C17DFF272C5DF578005A711E /* Debug */,
				C17DFF282C5DF578005A711E /* Release */,
			);
			defaultConfigurationIsVisible = 0;
			defaultConfigurationName = Release;
		};
/* End XCConfigurationList section */
	};
	rootObject = C17DFEF22C5DF576005A711E /* Project object */;
}
